// !$*UTF8*$!
{
	archiveVersion = 1;
	classes = {
	};
	objectVersion = 46;
	objects = {

/* Begin PBXBuildFile section */
		F17545BC1E9A748300CD4AC7 /* AppDelegate.swift in Sources */ = {isa = PBXBuildFile; fileRef = F17545BB1E9A748300CD4AC7 /* AppDelegate.swift */; };
		F17545BE1E9A748300CD4AC7 /* ViewController.swift in Sources */ = {isa = PBXBuildFile; fileRef = F17545BD1E9A748300CD4AC7 /* ViewController.swift */; };
		F17545C11E9A748300CD4AC7 /* Main.storyboard in Resources */ = {isa = PBXBuildFile; fileRef = F17545BF1E9A748300CD4AC7 /* Main.storyboard */; };
		F17545C31E9A748300CD4AC7 /* Assets.xcassets in Resources */ = {isa = PBXBuildFile; fileRef = F17545C21E9A748300CD4AC7 /* Assets.xcassets */; };
		F17545C61E9A748300CD4AC7 /* LaunchScreen.storyboard in Resources */ = {isa = PBXBuildFile; fileRef = F17545C41E9A748300CD4AC7 /* LaunchScreen.storyboard */; };
		F17545CE1E9A74D900CD4AC7 /* SliderFactory.swift in Sources */ = {isa = PBXBuildFile; fileRef = F17545CD1E9A74D900CD4AC7 /* SliderFactory.swift */; };
		F1A9C8D91E9AC5FF00BC1059 /* CircleViewController.swift in Sources */ = {isa = PBXBuildFile; fileRef = F1A9C8D81E9AC5FF00BC1059 /* CircleViewController.swift */; };
		F1A9C8DC1E9AC66800BC1059 /* CircleView.swift in Sources */ = {isa = PBXBuildFile; fileRef = F1A9C8DB1E9AC66800BC1059 /* CircleView.swift */; };
/* End PBXBuildFile section */

/* Begin PBXFileReference section */
		F17545B81E9A748300CD4AC7 /* PrototypeWithSliders.app */ = {isa = PBXFileReference; explicitFileType = wrapper.application; includeInIndex = 0; path = PrototypeWithSliders.app; sourceTree = BUILT_PRODUCTS_DIR; };
		F17545BB1E9A748300CD4AC7 /* AppDelegate.swift */ = {isa = PBXFileReference; lastKnownFileType = sourcecode.swift; path = AppDelegate.swift; sourceTree = "<group>"; };
		F17545BD1E9A748300CD4AC7 /* ViewController.swift */ = {isa = PBXFileReference; lastKnownFileType = sourcecode.swift; path = ViewController.swift; sourceTree = "<group>"; };
		F17545C01E9A748300CD4AC7 /* Base */ = {isa = PBXFileReference; lastKnownFileType = file.storyboard; name = Base; path = Base.lproj/Main.storyboard; sourceTree = "<group>"; };
		F17545C21E9A748300CD4AC7 /* Assets.xcassets */ = {isa = PBXFileReference; lastKnownFileType = folder.assetcatalog; path = Assets.xcassets; sourceTree = "<group>"; };
		F17545C51E9A748300CD4AC7 /* Base */ = {isa = PBXFileReference; lastKnownFileType = file.storyboard; name = Base; path = Base.lproj/LaunchScreen.storyboard; sourceTree = "<group>"; };
		F17545C71E9A748300CD4AC7 /* Info.plist */ = {isa = PBXFileReference; lastKnownFileType = text.plist.xml; path = Info.plist; sourceTree = "<group>"; };
		F17545CD1E9A74D900CD4AC7 /* SliderFactory.swift */ = {isa = PBXFileReference; fileEncoding = 4; lastKnownFileType = sourcecode.swift; name = SliderFactory.swift; path = Sources/SliderFactory.swift; sourceTree = SOURCE_ROOT; };
		F1A9C8D81E9AC5FF00BC1059 /* CircleViewController.swift */ = {isa = PBXFileReference; fileEncoding = 4; lastKnownFileType = sourcecode.swift; path = CircleViewController.swift; sourceTree = "<group>"; };
		F1A9C8DB1E9AC66800BC1059 /* CircleView.swift */ = {isa = PBXFileReference; fileEncoding = 4; lastKnownFileType = sourcecode.swift; name = CircleView.swift; path = "Circles Example/CircleView.swift"; sourceTree = "<group>"; };
/* End PBXFileReference section */

/* Begin PBXFrameworksBuildPhase section */
		F17545B51E9A748300CD4AC7 /* Frameworks */ = {
			isa = PBXFrameworksBuildPhase;
			buildActionMask = 2147483647;
			files = (
			);
			runOnlyForDeploymentPostprocessing = 0;
		};
/* End PBXFrameworksBuildPhase section */

/* Begin PBXGroup section */
		F17545AF1E9A748300CD4AC7 = {
			isa = PBXGroup;
			children = (
				F17545BA1E9A748300CD4AC7 /* PrototypeWithSliders */,
				F17545B91E9A748300CD4AC7 /* Products */,
			);
			sourceTree = "<group>";
		};
		F17545B91E9A748300CD4AC7 /* Products */ = {
			isa = PBXGroup;
			children = (
				F17545B81E9A748300CD4AC7 /* PrototypeWithSliders.app */,
			);
			name = Products;
			sourceTree = "<group>";
		};
		F17545BA1E9A748300CD4AC7 /* PrototypeWithSliders */ = {
			isa = PBXGroup;
			children = (
				F17545BB1E9A748300CD4AC7 /* AppDelegate.swift */,
				F17545BD1E9A748300CD4AC7 /* ViewController.swift */,
				F17545CD1E9A74D900CD4AC7 /* SliderFactory.swift */,
				F1A9C8DA1E9AC64F00BC1059 /* Circles */,
				F17545BF1E9A748300CD4AC7 /* Main.storyboard */,
				F17545C21E9A748300CD4AC7 /* Assets.xcassets */,
				F17545C41E9A748300CD4AC7 /* LaunchScreen.storyboard */,
				F17545C71E9A748300CD4AC7 /* Info.plist */,
			);
			path = PrototypeWithSliders;
			sourceTree = "<group>";
		};
		F1A9C8DA1E9AC64F00BC1059 /* Circles */ = {
			isa = PBXGroup;
			children = (
				F1A9C8D81E9AC5FF00BC1059 /* CircleViewController.swift */,
				F1A9C8DB1E9AC66800BC1059 /* CircleView.swift */,
			);
			name = Circles;
			sourceTree = "<group>";
		};
/* End PBXGroup section */

/* Begin PBXNativeTarget section */
		F17545B71E9A748300CD4AC7 /* PrototypeWithSliders */ = {
			isa = PBXNativeTarget;
			buildConfigurationList = F17545CA1E9A748300CD4AC7 /* Build configuration list for PBXNativeTarget "PrototypeWithSliders" */;
			buildPhases = (
				F17545B41E9A748300CD4AC7 /* Sources */,
				F17545B51E9A748300CD4AC7 /* Frameworks */,
				F17545B61E9A748300CD4AC7 /* Resources */,
			);
			buildRules = (
			);
			dependencies = (
			);
			name = PrototypeWithSliders;
			productName = PrototypeWithSliders;
			productReference = F17545B81E9A748300CD4AC7 /* PrototypeWithSliders.app */;
			productType = "com.apple.product-type.application";
		};
/* End PBXNativeTarget section */

/* Begin PBXProject section */
		F17545B01E9A748300CD4AC7 /* Project object */ = {
			isa = PBXProject;
			attributes = {
				LastSwiftUpdateCheck = 0830;
				LastUpgradeCheck = 0830;
				ORGANIZATIONNAME = "Jerry Yu";
				TargetAttributes = {
					F17545B71E9A748300CD4AC7 = {
						CreatedOnToolsVersion = 8.3.1;
						DevelopmentTeam = EP5H87BTMG;
						ProvisioningStyle = Automatic;
					};
				};
			};
			buildConfigurationList = F17545B31E9A748300CD4AC7 /* Build configuration list for PBXProject "PrototypeWithSliders" */;
			compatibilityVersion = "Xcode 3.2";
			developmentRegion = English;
			hasScannedForEncodings = 0;
			knownRegions = (
				en,
				Base,
			);
			mainGroup = F17545AF1E9A748300CD4AC7;
			productRefGroup = F17545B91E9A748300CD4AC7 /* Products */;
			projectDirPath = "";
			projectRoot = "";
			targets = (
				F17545B71E9A748300CD4AC7 /* PrototypeWithSliders */,
			);
		};
/* End PBXProject section */

/* Begin PBXResourcesBuildPhase section */
		F17545B61E9A748300CD4AC7 /* Resources */ = {
			isa = PBXResourcesBuildPhase;
			buildActionMask = 2147483647;
			files = (
				F17545C61E9A748300CD4AC7 /* LaunchScreen.storyboard in Resources */,
				F17545C31E9A748300CD4AC7 /* Assets.xcassets in Resources */,
				F17545C11E9A748300CD4AC7 /* Main.storyboard in Resources */,
			);
			runOnlyForDeploymentPostprocessing = 0;
		};
/* End PBXResourcesBuildPhase section */

/* Begin PBXSourcesBuildPhase section */
		F17545B41E9A748300CD4AC7 /* Sources */ = {
			isa = PBXSourcesBuildPhase;
			buildActionMask = 2147483647;
			files = (
				F17545BE1E9A748300CD4AC7 /* ViewController.swift in Sources */,
				F1A9C8DC1E9AC66800BC1059 /* CircleView.swift in Sources */,
				F17545BC1E9A748300CD4AC7 /* AppDelegate.swift in Sources */,
				F1A9C8D91E9AC5FF00BC1059 /* CircleViewController.swift in Sources */,
				F17545CE1E9A74D900CD4AC7 /* SliderFactory.swift in Sources */,
			);
			runOnlyForDeploymentPostprocessing = 0;
		};
/* End PBXSourcesBuildPhase section */

/* Begin PBXVariantGroup section */
		F17545BF1E9A748300CD4AC7 /* Main.storyboard */ = {
			isa = PBXVariantGroup;
			children = (
				F17545C01E9A748300CD4AC7 /* Base */,
			);
			name = Main.storyboard;
			sourceTree = "<group>";
		};
		F17545C41E9A748300CD4AC7 /* LaunchScreen.storyboard */ = {
			isa = PBXVariantGroup;
			children = (
				F17545C51E9A748300CD4AC7 /* Base */,
			);
			name = LaunchScreen.storyboard;
			sourceTree = "<group>";
		};
/* End PBXVariantGroup section */

/* Begin XCBuildConfiguration section */
		F17545C81E9A748300CD4AC7 /* Debug */ = {
			isa = XCBuildConfiguration;
			buildSettings = {
				ALWAYS_SEARCH_USER_PATHS = NO;
				CLANG_ANALYZER_NONNULL = YES;
				CLANG_ANALYZER_NUMBER_OBJECT_CONVERSION = YES_AGGRESSIVE;
				CLANG_CXX_LANGUAGE_STANDARD = "gnu++0x";
				CLANG_CXX_LIBRARY = "libc++";
				CLANG_ENABLE_MODULES = YES;
				CLANG_ENABLE_OBJC_ARC = YES;
				CLANG_WARN_BOOL_CONVERSION = YES;
				CLANG_WARN_CONSTANT_CONVERSION = YES;
				CLANG_WARN_DIRECT_OBJC_ISA_USAGE = YES_ERROR;
				CLANG_WARN_DOCUMENTATION_COMMENTS = YES;
				CLANG_WARN_EMPTY_BODY = YES;
				CLANG_WARN_ENUM_CONVERSION = YES;
				CLANG_WARN_INFINITE_RECURSION = YES;
				CLANG_WARN_INT_CONVERSION = YES;
				CLANG_WARN_OBJC_ROOT_CLASS = YES_ERROR;
				CLANG_WARN_SUSPICIOUS_MOVE = YES;
				CLANG_WARN_UNREACHABLE_CODE = YES;
				CLANG_WARN__DUPLICATE_METHOD_MATCH = YES;
				"CODE_SIGN_IDENTITY[sdk=iphoneos*]" = "iPhone Developer";
				COPY_PHASE_STRIP = NO;
				DEBUG_INFORMATION_FORMAT = dwarf;
				ENABLE_STRICT_OBJC_MSGSEND = YES;
				ENABLE_TESTABILITY = YES;
				GCC_C_LANGUAGE_STANDARD = gnu99;
				GCC_DYNAMIC_NO_PIC = NO;
				GCC_NO_COMMON_BLOCKS = YES;
				GCC_OPTIMIZATION_LEVEL = 0;
				GCC_PREPROCESSOR_DEFINITIONS = (
					"DEBUG=1",
					"$(inherited)",
				);
				GCC_WARN_64_TO_32_BIT_CONVERSION = YES;
				GCC_WARN_ABOUT_RETURN_TYPE = YES_ERROR;
				GCC_WARN_UNDECLARED_SELECTOR = YES;
				GCC_WARN_UNINITIALIZED_AUTOS = YES_AGGRESSIVE;
				GCC_WARN_UNUSED_FUNCTION = YES;
				GCC_WARN_UNUSED_VARIABLE = YES;
				IPHONEOS_DEPLOYMENT_TARGET = 10.3;
				MTL_ENABLE_DEBUG_INFO = YES;
				ONLY_ACTIVE_ARCH = YES;
				SDKROOT = iphoneos;
				SWIFT_ACTIVE_COMPILATION_CONDITIONS = DEBUG;
				SWIFT_OPTIMIZATION_LEVEL = "-Onone";
			};
			name = Debug;
		};
		F17545C91E9A748300CD4AC7 /* Release */ = {
			isa = XCBuildConfiguration;
			buildSettings = {
				ALWAYS_SEARCH_USER_PATHS = NO;
				CLANG_ANALYZER_NONNULL = YES;
				CLANG_ANALYZER_NUMBER_OBJECT_CONVERSION = YES_AGGRESSIVE;
				CLANG_CXX_LANGUAGE_STANDARD = "gnu++0x";
				CLANG_CXX_LIBRARY = "libc++";
				CLANG_ENABLE_MODULES = YES;
				CLANG_ENABLE_OBJC_ARC = YES;
				CLANG_WARN_BOOL_CONVERSION = YES;
				CLANG_WARN_CONSTANT_CONVERSION = YES;
				CLANG_WARN_DIRECT_OBJC_ISA_USAGE = YES_ERROR;
				CLANG_WARN_DOCUMENTATION_COMMENTS = YES;
				CLANG_WARN_EMPTY_BODY = YES;
				CLANG_WARN_ENUM_CONVERSION = YES;
				CLANG_WARN_INFINITE_RECURSION = YES;
				CLANG_WARN_INT_CONVERSION = YES;
				CLANG_WARN_OBJC_ROOT_CLASS = YES_ERROR;
				CLANG_WARN_SUSPICIOUS_MOVE = YES;
				CLANG_WARN_UNREACHABLE_CODE = YES;
				CLANG_WARN__DUPLICATE_METHOD_MATCH = YES;
				"CODE_SIGN_IDENTITY[sdk=iphoneos*]" = "iPhone Developer";
				COPY_PHASE_STRIP = NO;
				DEBUG_INFORMATION_FORMAT = "dwarf-with-dsym";
				ENABLE_NS_ASSERTIONS = NO;
				ENABLE_STRICT_OBJC_MSGSEND = YES;
				GCC_C_LANGUAGE_STANDARD = gnu99;
				GCC_NO_COMMON_BLOCKS = YES;
				GCC_WARN_64_TO_32_BIT_CONVERSION = YES;
				GCC_WARN_ABOUT_RETURN_TYPE = YES_ERROR;
				GCC_WARN_UNDECLARED_SELECTOR = YES;
				GCC_WARN_UNINITIALIZED_AUTOS = YES_AGGRESSIVE;
				GCC_WARN_UNUSED_FUNCTION = YES;
				GCC_WARN_UNUSED_VARIABLE = YES;
				IPHONEOS_DEPLOYMENT_TARGET = 10.3;
				MTL_ENABLE_DEBUG_INFO = NO;
				SDKROOT = iphoneos;
				SWIFT_OPTIMIZATION_LEVEL = "-Owholemodule";
				VALIDATE_PRODUCT = YES;
			};
			name = Release;
		};
		F17545CB1E9A748300CD4AC7 /* Debug */ = {
			isa = XCBuildConfiguration;
			buildSettings = {
				ASSETCATALOG_COMPILER_APPICON_NAME = AppIcon;
				DEVELOPMENT_TEAM = EP5H87BTMG;
				INFOPLIST_FILE = PrototypeWithSliders/Info.plist;
				LD_RUNPATH_SEARCH_PATHS = "$(inherited) @executable_path/Frameworks";
				PRODUCT_BUNDLE_IDENTIFIER = ca.jerryyu.PrototypeWithSliders;
				PRODUCT_NAME = "$(TARGET_NAME)";
				SWIFT_VERSION = 3.0;
			};
			name = Debug;
		};
		F17545CC1E9A748300CD4AC7 /* Release */ = {
			isa = XCBuildConfiguration;
			buildSettings = {
				ASSETCATALOG_COMPILER_APPICON_NAME = AppIcon;
				DEVELOPMENT_TEAM = EP5H87BTMG;
				INFOPLIST_FILE = PrototypeWithSliders/Info.plist;
				LD_RUNPATH_SEARCH_PATHS = "$(inherited) @executable_path/Frameworks";
				PRODUCT_BUNDLE_IDENTIFIER = ca.jerryyu.PrototypeWithSliders;
				PRODUCT_NAME = "$(TARGET_NAME)";
				SWIFT_VERSION = 3.0;
			};
			name = Release;
		};
/* End XCBuildConfiguration section */

/* Begin XCConfigurationList section */
		F17545B31E9A748300CD4AC7 /* Build configuration list for PBXProject "PrototypeWithSliders" */ = {
			isa = XCConfigurationList;
			buildConfigurations = (
				F17545C81E9A748300CD4AC7 /* Debug */,
				F17545C91E9A748300CD4AC7 /* Release */,
			);
			defaultConfigurationIsVisible = 0;
			defaultConfigurationName = Release;
		};
		F17545CA1E9A748300CD4AC7 /* Build configuration list for PBXNativeTarget "PrototypeWithSliders" */ = {
			isa = XCConfigurationList;
			buildConfigurations = (
				F17545CB1E9A748300CD4AC7 /* Debug */,
				F17545CC1E9A748300CD4AC7 /* Release */,
			);
			defaultConfigurationIsVisible = 0;
			defaultConfigurationName = Release;
		};
/* End XCConfigurationList section */
	};
	rootObject = F17545B01E9A748300CD4AC7 /* Project object */;
}
